
Microsoft Visual Studio Solution File, Format Version 12.00
# Visual Studio Version 17
VisualStudioVersion = 17.14.36109.1
MinimumVisualStudioVersion = 10.0.40219.1
Project("{FAE04EC0-301F-11D3-BF4B-00C04F79EFBC}") = "DTOs", "DTOs\DTOs.csproj", "{BCA035DD-5341-493C-9CE4-640BE230F4EC}"
EndProject
Project("{2150E333-8FDC-42A3-9474-1A3956D46DE8}") = "0_DTOs", "0_DTOs", "{02EA681E-C7D8-13C7-8484-4AC65E1B71E8}"
EndProject
Project("{2150E333-8FDC-42A3-9474-1A3956D46DE8}") = "1_DataAccess", "1_DataAccess", "{702D06C8-F622-40C3-B456-59EFE5658E27}"
EndProject
Project("{FAE04EC0-301F-11D3-BF4B-00C04F79EFBC}") = "DataAccess", "DataAccess\DataAccess.csproj", "{2EBFAF0D-CE6F-4531-B9E8-AC03ED657247}"
EndProject
Project("{2150E333-8FDC-42A3-9474-1A3956D46DE8}") = "2_CoreApp", "2_CoreApp", "{139AA86B-3F3D-484F-B5F7-F49E53AF6880}"
EndProject
Project("{FAE04EC0-301F-11D3-BF4B-00C04F79EFBC}") = "CoreApp", "CoreApp\CoreApp.csproj", "{89236B78-0AA8-463C-98A9-99E0838A3FE0}"
EndProject
Project("{2150E333-8FDC-42A3-9474-1A3956D46DE8}") = "3_Exceptions", "3_Exceptions", "{D18952B1-06B5-48ED-9C52-1172A1282C30}"
EndProject
Project("{FAE04EC0-301F-11D3-BF4B-00C04F79EFBC}") = "ExceptionManager", "ExceptionManager\ExceptionManager.csproj", "{D4BE9154-AFFE-45F4-87E1-B960E2899D5B}"
EndProject
Project("{2150E333-8FDC-42A3-9474-1A3956D46DE8}") = "4_WebApi", "4_WebApi", "{45F654FC-A1F3-476F-B7E9-17C6CD7CBC7E}"
EndProject
Project("{FAE04EC0-301F-11D3-BF4B-00C04F79EFBC}") = "WebAPI", "WebAPI\WebAPI.csproj", "{39F43912-9A27-43F3-9DA8-D0C32F1C3149}"
EndProject
Project("{2150E333-8FDC-42A3-9474-1A3956D46DE8}") = "5_WebApp", "5_WebApp", "{E4E7D295-F117-4793-BFBA-4FA26EFE73BF}"
EndProject
Project("{FAE04EC0-301F-11D3-BF4B-00C04F79EFBC}") = "WebApp", "WebApp\WebApp.csproj", "{E84977EC-31DF-4EEA-9A3C-FE565BBE49A1}"
EndProject
Project("{2150E333-8FDC-42A3-9474-1A3956D46DE8}") = "99_Testing", "99_Testing", "{2114EC67-2E51-4C37-B1F6-529D7A8FFD61}"
EndProject
Project("{FAE04EC0-301F-11D3-BF4B-00C04F79EFBC}") = "DevTester", "DevTester\DevTester.csproj", "{63A2A723-79C6-44CE-AB93-4947097E80C1}"
EndProject
Global
	GlobalSection(SolutionConfigurationPlatforms) = preSolution
		Debug|Any CPU = Debug|Any CPU
		Release|Any CPU = Release|Any CPU
	EndGlobalSection
	GlobalSection(ProjectConfigurationPlatforms) = postSolution
		{BCA035DD-5341-493C-9CE4-640BE230F4EC}.Debug|Any CPU.ActiveCfg = Debug|Any CPU
		{BCA035DD-5341-493C-9CE4-640BE230F4EC}.Debug|Any CPU.Build.0 = Debug|Any CPU
		{BCA035DD-5341-493C-9CE4-640BE230F4EC}.Release|Any CPU.ActiveCfg = Release|Any CPU
		{BCA035DD-5341-493C-9CE4-640BE230F4EC}.Release|Any CPU.Build.0 = Release|Any CPU
		{2EBFAF0D-CE6F-4531-B9E8-AC03ED657247}.Debug|Any CPU.ActiveCfg = Debug|Any CPU
		{2EBFAF0D-CE6F-4531-B9E8-AC03ED657247}.Debug|Any CPU.Build.0 = Debug|Any CPU
		{2EBFAF0D-CE6F-4531-B9E8-AC03ED657247}.Release|Any CPU.ActiveCfg = Release|Any CPU
		{2EBFAF0D-CE6F-4531-B9E8-AC03ED657247}.Release|Any CPU.Build.0 = Release|Any CPU
		{89236B78-0AA8-463C-98A9-99E0838A3FE0}.Debug|Any CPU.ActiveCfg = Debug|Any CPU
		{89236B78-0AA8-463C-98A9-99E0838A3FE0}.Debug|Any CPU.Build.0 = Debug|Any CPU
		{89236B78-0AA8-463C-98A9-99E0838A3FE0}.Release|Any CPU.ActiveCfg = Release|Any CPU
		{89236B78-0AA8-463C-98A9-99E0838A3FE0}.Release|Any CPU.Build.0 = Release|Any CPU
		{D4BE9154-AFFE-45F4-87E1-B960E2899D5B}.Debug|Any CPU.ActiveCfg = Debug|Any CPU
		{D4BE9154-AFFE-45F4-87E1-B960E2899D5B}.Debug|Any CPU.Build.0 = Debug|Any CPU
		{D4BE9154-AFFE-45F4-87E1-B960E2899D5B}.Release|Any CPU.ActiveCfg = Release|Any CPU
		{D4BE9154-AFFE-45F4-87E1-B960E2899D5B}.Release|Any CPU.Build.0 = Release|Any CPU
		{39F43912-9A27-43F3-9DA8-D0C32F1C3149}.Debug|Any CPU.ActiveCfg = Debug|Any CPU
		{39F43912-9A27-43F3-9DA8-D0C32F1C3149}.Debug|Any CPU.Build.0 = Debug|Any CPU
		{39F43912-9A27-43F3-9DA8-D0C32F1C3149}.Release|Any CPU.ActiveCfg = Release|Any CPU
		{39F43912-9A27-43F3-9DA8-D0C32F1C3149}.Release|Any CPU.Build.0 = Release|Any CPU
		{E84977EC-31DF-4EEA-9A3C-FE565BBE49A1}.Debug|Any CPU.ActiveCfg = Debug|Any CPU
		{E84977EC-31DF-4EEA-9A3C-FE565BBE49A1}.Debug|Any CPU.Build.0 = Debug|Any CPU
		{E84977EC-31DF-4EEA-9A3C-FE565BBE49A1}.Release|Any CPU.ActiveCfg = Release|Any CPU
		{E84977EC-31DF-4EEA-9A3C-FE565BBE49A1}.Release|Any CPU.Build.0 = Release|Any CPU
		{63A2A723-79C6-44CE-AB93-4947097E80C1}.Debug|Any CPU.ActiveCfg = Debug|Any CPU
		{63A2A723-79C6-44CE-AB93-4947097E80C1}.Debug|Any CPU.Build.0 = Debug|Any CPU
		{63A2A723-79C6-44CE-AB93-4947097E80C1}.Release|Any CPU.ActiveCfg = Release|Any CPU
		{63A2A723-79C6-44CE-AB93-4947097E80C1}.Release|Any CPU.Build.0 = Release|Any CPU
	EndGlobalSection
	GlobalSection(SolutionProperties) = preSolution
		HideSolutionNode = FALSE
	EndGlobalSection
	GlobalSection(NestedProjects) = preSolution
		{BCA035DD-5341-493C-9CE4-640BE230F4EC} = {02EA681E-C7D8-13C7-8484-4AC65E1B71E8}
		{2EBFAF0D-CE6F-4531-B9E8-AC03ED657247} = {702D06C8-F622-40C3-B456-59EFE5658E27}
		{89236B78-0AA8-463C-98A9-99E0838A3FE0} = {139AA86B-3F3D-484F-B5F7-F49E53AF6880}
		{D4BE9154-AFFE-45F4-87E1-B960E2899D5B} = {D18952B1-06B5-48ED-9C52-1172A1282C30}
		{39F43912-9A27-43F3-9DA8-D0C32F1C3149} = {45F654FC-A1F3-476F-B7E9-17C6CD7CBC7E}
		{E84977EC-31DF-4EEA-9A3C-FE565BBE49A1} = {E4E7D295-F117-4793-BFBA-4FA26EFE73BF}
		{63A2A723-79C6-44CE-AB93-4947097E80C1} = {2114EC67-2E51-4C37-B1F6-529D7A8FFD61}
	EndGlobalSection
	GlobalSection(ExtensibilityGlobals) = postSolution
		SolutionGuid = {790EA65A-99A9-4532-A981-5F5F0B03E803}
	EndGlobalSection
EndGlobal
